
Microsoft Visual Studio Solution File, Format Version 12.00
# Visual Studio Version 16
VisualStudioVersion = 16.0.28803.352
MinimumVisualStudioVersion = 10.0.40219.1
Project("{FAE04EC0-301F-11D3-BF4B-00C04F79EFBC}") = "TwitterFeed", "TwitterFeed\TwitterFeed.csproj", "{E11F2345-F5EE-4943-B066-E7459A570B54}"
EndProject
Global
	GlobalSection(SolutionConfigurationPlatforms) = preSolution
		Debug|Any CPU = Debug|Any CPU
		Release|Any CPU = Release|Any CPU
	EndGlobalSection
	GlobalSection(ProjectConfigurationPlatforms) = postSolution
		{E11F2345-F5EE-4943-B066-E7459A570B54}.Debug|Any CPU.ActiveCfg = Debug|Any CPU
		{E11F2345-F5EE-4943-B066-E7459A570B54}.Debug|Any CPU.Build.0 = Debug|Any CPU
		{E11F2345-F5EE-4943-B066-E7459A570B54}.Release|Any CPU.ActiveCfg = Release|Any CPU
		{E11F2345-F5EE-4943-B066-E7459A570B54}.Release|Any CPU.Build.0 = Release|Any CPU
	EndGlobalSection
	GlobalSection(SolutionProperties) = preSolution
		HideSolutionNode = FALSE
	EndGlobalSection
	GlobalSection(ExtensibilityGlobals) = postSolution
		SolutionGuid = {ABF2DC02-4CAB-40B3-A5D6-69915547F672}
	EndGlobalSection
EndGlobal
